
Microsoft Visual Studio Solution File, Format Version 12.00
# Visual Studio Version 17
VisualStudioVersion = 17.0.31903.59
MinimumVisualStudioVersion = 10.0.40219.1
Project("{2150E333-8FDC-42A3-9474-1A3956D46DE8}") = "backend", "backend", "{1C26C7E6-D4AF-4911-97E8-4D84DEB73DD9}"
EndProject
Project("{FAE04EC0-301F-11D3-BF4B-00C04F79EFBC}") = "Mission11.API", "backend\Mission11.API\Mission11.API.csproj", "{1336E594-C39F-4E3A-B0C9-8A2EA38C0357}"
EndProject
Global
	GlobalSection(SolutionConfigurationPlatforms) = preSolution
		Debug|Any CPU = Debug|Any CPU
		Release|Any CPU = Release|Any CPU
	EndGlobalSection
	GlobalSection(SolutionProperties) = preSolution
		HideSolutionNode = FALSE
	EndGlobalSection
	GlobalSection(ProjectConfigurationPlatforms) = postSolution
		{1336E594-C39F-4E3A-B0C9-8A2EA38C0357}.Debug|Any CPU.ActiveCfg = Debug|Any CPU
		{1336E594-C39F-4E3A-B0C9-8A2EA38C0357}.Debug|Any CPU.Build.0 = Debug|Any CPU
		{1336E594-C39F-4E3A-B0C9-8A2EA38C0357}.Release|Any CPU.ActiveCfg = Release|Any CPU
		{1336E594-C39F-4E3A-B0C9-8A2EA38C0357}.Release|Any CPU.Build.0 = Release|Any CPU
	EndGlobalSection
	GlobalSection(NestedProjects) = preSolution
		{1336E594-C39F-4E3A-B0C9-8A2EA38C0357} = {1C26C7E6-D4AF-4911-97E8-4D84DEB73DD9}
	EndGlobalSection
EndGlobal
